# THIS IS AN AUTOGENERATED FILE. DO NOT EDIT THIS FILE DIRECTLY.
# yarn lockfile v1


"@tanstack/query-core@5.28.13":
  version "5.28.13"
  resolved "https://registry.yarnpkg.com/@tanstack/query-core/-/query-core-5.28.13.tgz#15c187c23b87a393e91d0fd2ea6dfc22b8a85b75"
  integrity sha512-C3+CCOcza+mrZ7LglQbjeYEOTEC3LV0VN0eYaIN6GvqAZ8Foegdgch7n6QYPtT4FuLae5ALy+m+ZMEKpD6tMCQ==

"@tanstack/query-devtools@5.28.10":
  version "5.28.10"
  resolved "https://registry.yarnpkg.com/@tanstack/query-devtools/-/query-devtools-5.28.10.tgz#33e9a42dd2199fca12f0dd2d891570ecdbfd3c7b"
  integrity sha512-5UN629fKa5/1K/2Pd26gaU7epxRrYiT1gy+V+pW5K6hnf1DeUKK3pANSb2eHKlecjIKIhTwyF7k9XdyE2gREvQ==

"@tanstack/react-query-devtools@^5.28.14":
  version "5.28.14"
  resolved "https://registry.yarnpkg.com/@tanstack/react-query-devtools/-/react-query-devtools-5.28.14.tgz#3d5386de4e5c61f2db90b1a12a83561840bc8b6e"
  integrity sha512-4CrFBI1O5wibV1ZdGAnBMmTuc7SiShhxWubxRMyIloeEioxs3DQkFbouGBea5nexuwIxAkvhUB8khpPnNjhxMw==
  dependencies:
    "@tanstack/query-devtools" "5.28.10"

"@tanstack/react-query@^5.28.14":
  version "5.28.14"
  resolved "https://registry.yarnpkg.com/@tanstack/react-query/-/react-query-5.28.14.tgz#9585b6300eb8f167ed374e2748043dc8d6476709"
  integrity sha512-cZqt03Igb3I9tM72qNX5TAAmeYl75Z+k4Mv92VkXIXc2hCrv0fIywd7GN3JV1BBJl4mr7Cc+OOKKOPy8sNVOkA==
  dependencies:
    "@tanstack/query-core" "5.28.13"
