# THIS IS AN AUTOGENERATED FILE. DO NOT EDIT THIS FILE DIRECTLY.
# yarn lockfile v1


"@tanstack/query-core@5.28.13":
  version "5.28.13"
  resolved "https://registry.yarnpkg.com/@tanstack/query-core/-/query-core-5.28.13.tgz#15c187c23b87a393e91d0fd2ea6dfc22b8a85b75"
  integrity sha512-C3+CCOcza+mrZ7LglQbjeYEOTEC3LV0VN0eYaIN6GvqAZ8Foegdgch7n6QYPtT4FuLae5ALy+m+ZMEKpD6tMCQ==

"@tanstack/query-devtools@5.28.10":
  version "5.28.10"
  resolved "https://registry.yarnpkg.com/@tanstack/query-devtools/-/query-devtools-5.28.10.tgz#33e9a42dd2199fca12f0dd2d891570ecdbfd3c7b"
  integrity sha512-5UN629fKa5/1K/2Pd26gaU7epxRrYiT1gy+V+pW5K6hnf1DeUKK3pANSb2eHKlecjIKIhTwyF7k9XdyE2gREvQ==

"@tanstack/react-query-devtools@^5.28.14":
  version "5.28.14"
  resolved "https://registry.yarnpkg.com/@tanstack/react-query-devtools/-/react-query-devtools-5.28.14.tgz#3d5386de4e5c61f2db90b1a12a83561840bc8b6e"
  integrity sha512-4CrFBI1O5wibV1ZdGAnBMmTuc7SiShhxWubxRMyIloeEioxs3DQkFbouGBea5nexuwIxAkvhUB8khpPnNjhxMw==
  dependencies:
    "@tanstack/query-devtools" "5.28.10"

"@tanstack/react-query@^5.28.14":
  version "5.28.14"
  resolved "https://registry.yarnpkg.com/@tanstack/react-query/-/react-query-5.28.14.tgz#9585b6300eb8f167ed374e2748043dc8d6476709"
  integrity sha512-cZqt03Igb3I9tM72qNX5TAAmeYl75Z+k4Mv92VkXIXc2hCrv0fIywd7GN3JV1BBJl4mr7Cc+OOKKOPy8sNVOkA==
  dependencies:
    "@tanstack/query-core" "5.28.13"

clsx@^2.1.0:
  version "2.1.0"
  resolved "https://registry.yarnpkg.com/clsx/-/clsx-2.1.0.tgz#e851283bcb5c80ee7608db18487433f7b23f77cb"
  integrity sha512-m3iNNWpd9rl3jvvcBnu70ylMdrXt8Vlq4HYadnU5fwcOtvkSQWPmj7amUcDT2qYI7risszBjI5AUIUox9D16pg==

react-toastify@^10.0.5:
  version "10.0.5"
  resolved "https://registry.yarnpkg.com/react-toastify/-/react-toastify-10.0.5.tgz#6b8f8386060c5c856239f3036d1e76874ce3bd1e"
  integrity sha512-mNKt2jBXJg4O7pSdbNUfDdTsK9FIdikfsIE/yUCxbAEXl4HMyJaivrVFcn3Elvt5xvCQYhUZm+hqTIu1UXM3Pw==
  dependencies:
    clsx "^2.1.0"
